
Microsoft Visual Studio Solution File, Format Version 12.00
# Visual Studio 15
VisualStudioVersion = 15.0.27703.2018
MinimumVisualStudioVersion = 10.0.40219.1
Project("{9A19103F-16F7-4668-BE54-9A1E7A4F7556}") = "TicTacToe", "TicTacToe\TicTacToe.csproj", "{E7A30447-4C35-4ABD-AA9E-8B3FA5A03398}"
EndProject
Project("{9A19103F-16F7-4668-BE54-9A1E7A4F7556}") = "TicTacTests", "TicTacTests\TicTacTests.csproj", "{62E74F03-8D57-4DE2-B05A-0129A5EB2AE6}"
EndProject
Project("{9A19103F-16F7-4668-BE54-9A1E7A4F7556}") = "TicTacJoe", "TicTacJoe\TicTacJoe.csproj", "{26634784-8671-4986-A747-7CD8AAE1627F}"
EndProject
Project("{FAE04EC0-301F-11D3-BF4B-00C04F79EFBC}") = "TicTacWeb", "TicTacWeb\TicTacWeb.csproj", "{F42CB63D-8BC6-4382-8D79-7F4EFB20B5E4}"
EndProject
Project("{FAE04EC0-301F-11D3-BF4B-00C04F79EFBC}") = "TicTacApi", "TicTacApi\TicTacApi.csproj", "{6EE6A027-7566-4340-AF56-03C4817A07E3}"
EndProject
Global
	GlobalSection(SolutionConfigurationPlatforms) = preSolution
		Debug|Any CPU = Debug|Any CPU
		Release|Any CPU = Release|Any CPU
	EndGlobalSection
	GlobalSection(ProjectConfigurationPlatforms) = postSolution
		{E7A30447-4C35-4ABD-AA9E-8B3FA5A03398}.Debug|Any CPU.ActiveCfg = Debug|Any CPU
		{E7A30447-4C35-4ABD-AA9E-8B3FA5A03398}.Debug|Any CPU.Build.0 = Debug|Any CPU
		{E7A30447-4C35-4ABD-AA9E-8B3FA5A03398}.Release|Any CPU.ActiveCfg = Release|Any CPU
		{E7A30447-4C35-4ABD-AA9E-8B3FA5A03398}.Release|Any CPU.Build.0 = Release|Any CPU
		{62E74F03-8D57-4DE2-B05A-0129A5EB2AE6}.Debug|Any CPU.ActiveCfg = Debug|Any CPU
		{62E74F03-8D57-4DE2-B05A-0129A5EB2AE6}.Debug|Any CPU.Build.0 = Debug|Any CPU
		{62E74F03-8D57-4DE2-B05A-0129A5EB2AE6}.Release|Any CPU.ActiveCfg = Release|Any CPU
		{62E74F03-8D57-4DE2-B05A-0129A5EB2AE6}.Release|Any CPU.Build.0 = Release|Any CPU
		{26634784-8671-4986-A747-7CD8AAE1627F}.Debug|Any CPU.ActiveCfg = Debug|Any CPU
		{26634784-8671-4986-A747-7CD8AAE1627F}.Debug|Any CPU.Build.0 = Debug|Any CPU
		{26634784-8671-4986-A747-7CD8AAE1627F}.Release|Any CPU.ActiveCfg = Release|Any CPU
		{26634784-8671-4986-A747-7CD8AAE1627F}.Release|Any CPU.Build.0 = Release|Any CPU
		{F42CB63D-8BC6-4382-8D79-7F4EFB20B5E4}.Debug|Any CPU.ActiveCfg = Debug|Any CPU
		{F42CB63D-8BC6-4382-8D79-7F4EFB20B5E4}.Debug|Any CPU.Build.0 = Debug|Any CPU
		{F42CB63D-8BC6-4382-8D79-7F4EFB20B5E4}.Release|Any CPU.ActiveCfg = Release|Any CPU
		{F42CB63D-8BC6-4382-8D79-7F4EFB20B5E4}.Release|Any CPU.Build.0 = Release|Any CPU
		{6EE6A027-7566-4340-AF56-03C4817A07E3}.Debug|Any CPU.ActiveCfg = Debug|Any CPU
		{6EE6A027-7566-4340-AF56-03C4817A07E3}.Debug|Any CPU.Build.0 = Debug|Any CPU
		{6EE6A027-7566-4340-AF56-03C4817A07E3}.Release|Any CPU.ActiveCfg = Release|Any CPU
		{6EE6A027-7566-4340-AF56-03C4817A07E3}.Release|Any CPU.Build.0 = Release|Any CPU
	EndGlobalSection
	GlobalSection(SolutionProperties) = preSolution
		HideSolutionNode = FALSE
	EndGlobalSection
	GlobalSection(ExtensibilityGlobals) = postSolution
		SolutionGuid = {4739C295-9C70-4E3B-BBBD-31A215771C53}
	EndGlobalSection
EndGlobal
